{
  "pins" : [
    {
      "identity" : "atollextensionkit",
      "kind" : "remoteSourceControl",
      "location" : "https://github.com/Ebullioscopic/AtollExtensionKit.git",
      "state" : {
        "branch" : "main",
        "revision" : "296562051f4ee8fec55aaca14782b21b8e63cafa"
      }
    }
  ],
  "version" : 2
}
